{
    "_readme": [
        "This file locks the dependencies of your project to a known state",
        "Read more about it at https://getcomposer.org/doc/01-basic-usage.md#composer-lock-the-lock-file",
        "This file is @generated automatically"
    ],
    "hash": "1fe2678cabdf9b05252c9048b1305856",
    "content-hash": "bfc66a152264f50ccc1f6827bd4ee1be",
    "packages": [
        {
            "name": "container-interop/container-interop",
            "version": "1.1.0",
            "source": {
                "type": "git",
                "url": "https://github.com/container-interop/container-interop.git",
                "reference": "fc08354828f8fd3245f77a66b9e23a6bca48297e"
            },
            "dist": {
                "type": "zip",
                "url": "https://api.github.com/repos/container-interop/container-interop/zipball/fc08354828f8fd3245f77a66b9e23a6bca48297e",
                "reference": "fc08354828f8fd3245f77a66b9e23a6bca48297e",
                "shasum": ""
            },
            "type": "library",
            "autoload": {
                "psr-4": {
                    "Interop\\Container\\": "src/Interop/Container/"
                }
            },
            "notification-url": "https://packagist.org/downloads/",
            "license": [
                "MIT"
            ],
            "description": "Promoting the interoperability of container objects (DIC, SL, etc.)",
            "time": "2014-12-30 15:22:37"
        },
        {
            "name": "symfony/polyfill-mbstring",
            "version": "v1.1.1",
            "source": {
                "type": "git",
                "url": "https://github.com/symfony/polyfill-mbstring.git",
                "reference": "1289d16209491b584839022f29257ad859b8532d"
            },
            "dist": {
                "type": "zip",
                "url": "https://api.github.com/repos/symfony/polyfill-mbstring/zipball/1289d16209491b584839022f29257ad859b8532d",
                "reference": "1289d16209491b584839022f29257ad859b8532d",
                "shasum": ""
            },
            "require": {
                "php": ">=5.3.3"
            },
            "suggest": {
                "ext-mbstring": "For best performance"
            },
            "type": "library",
            "extra": {
                "branch-alias": {
                    "dev-master": "1.1-dev"
                }
            },
            "autoload": {
                "psr-4": {
                    "Symfony\\Polyfill\\Mbstring\\": ""
                },
                "files": [
                    "bootstrap.php"
                ]
            },
            "notification-url": "https://packagist.org/downloads/",
            "license": [
                "MIT"
            ],
            "authors": [
                {
                    "name": "Nicolas Grekas",
                    "email": "p@tchwork.com"
                },
                {
                    "name": "Symfony Community",
                    "homepage": "https://symfony.com/contributors"
                }
            ],
            "description": "Symfony polyfill for the Mbstring extension",
            "homepage": "https://symfony.com",
            "keywords": [
                "compatibility",
                "mbstring",
                "polyfill",
                "portable",
                "shim"
            ],
            "time": "2016-01-20 09:13:37"
        },
        {
            "name": "symfony/translation",
            "version": "v3.0.3",
            "source": {
                "type": "git",
                "url": "https://github.com/symfony/translation.git",
                "reference": "2de0b6f7ebe43cffd8a06996ebec6aab79ea9e91"
            },
            "dist": {
                "type": "zip",
                "url": "https://api.github.com/repos/symfony/translation/zipball/2de0b6f7ebe43cffd8a06996ebec6aab79ea9e91",
                "reference": "2de0b6f7ebe43cffd8a06996ebec6aab79ea9e91",
                "shasum": ""
            },
            "require": {
                "php": ">=5.5.9",
                "symfony/polyfill-mbstring": "~1.0"
            },
            "conflict": {
                "symfony/config": "<2.8"
            },
            "require-dev": {
                "psr/log": "~1.0",
                "symfony/config": "~2.8|~3.0",
                "symfony/intl": "~2.8|~3.0",
                "symfony/yaml": "~2.8|~3.0"
            },
            "suggest": {
                "psr/log": "To use logging capability in translator",
                "symfony/config": "",
                "symfony/yaml": ""
            },
            "type": "library",
            "extra": {
                "branch-alias": {
                    "dev-master": "3.0-dev"
                }
            },
            "autoload": {
                "psr-4": {
                    "Symfony\\Component\\Translation\\": ""
                },
                "exclude-from-classmap": [
                    "/Tests/"
                ]
            },
            "notification-url": "https://packagist.org/downloads/",
            "license": [
                "MIT"
            ],
            "authors": [
                {
                    "name": "Fabien Potencier",
                    "email": "fabien@symfony.com"
                },
                {
                    "name": "Symfony Community",
                    "homepage": "https://symfony.com/contributors"
                }
            ],
            "description": "Symfony Translation Component",
            "homepage": "https://symfony.com",
            "time": "2016-02-02 13:44:19"
        },
        {
            "name": "symfony/validator",
            "version": "v3.0.3",
            "source": {
                "type": "git",
                "url": "https://github.com/symfony/validator.git",
                "reference": "27e163672f3c300924fd6b7661e6a2f92c8781c7"
            },
            "dist": {
                "type": "zip",
                "url": "https://api.github.com/repos/symfony/validator/zipball/27e163672f3c300924fd6b7661e6a2f92c8781c7",
                "reference": "27e163672f3c300924fd6b7661e6a2f92c8781c7",
                "shasum": ""
            },
            "require": {
                "php": ">=5.5.9",
                "symfony/translation": "~2.8|~3.0"
            },
            "require-dev": {
                "doctrine/annotations": "~1.0",
                "doctrine/cache": "~1.0",
                "egulias/email-validator": "~1.2,>=1.2.1",
                "symfony/config": "~2.8|~3.0",
                "symfony/expression-language": "~2.8|~3.0",
                "symfony/http-foundation": "~2.8|~3.0",
                "symfony/intl": "~2.8|~3.0",
                "symfony/yaml": "~2.8|~3.0"
            },
            "suggest": {
                "doctrine/annotations": "For using the annotation mapping. You will also need doctrine/cache.",
                "doctrine/cache": "For using the default cached annotation reader and metadata cache.",
                "egulias/email-validator": "Strict (RFC compliant) email validation",
                "symfony/config": "",
                "symfony/expression-language": "For using the Expression validator",
                "symfony/http-foundation": "",
                "symfony/intl": "",
                "symfony/property-access": "For using the Expression validator",
                "symfony/yaml": ""
            },
            "type": "library",
            "extra": {
                "branch-alias": {
                    "dev-master": "3.0-dev"
                }
            },
            "autoload": {
                "psr-4": {
                    "Symfony\\Component\\Validator\\": ""
                },
                "exclude-from-classmap": [
                    "/Tests/"
                ]
            },
            "notification-url": "https://packagist.org/downloads/",
            "license": [
                "MIT"
            ],
            "authors": [
                {
                    "name": "Fabien Potencier",
                    "email": "fabien@symfony.com"
                },
                {
                    "name": "Symfony Community",
                    "homepage": "https://symfony.com/contributors"
                }
            ],
            "description": "Symfony Validator Component",
            "homepage": "https://symfony.com",
            "time": "2016-02-26 04:25:31"
        },
        {
            "name": "zendframework/zend-servicemanager",
            "version": "2.7.5",
            "source": {
                "type": "git",
                "url": "https://github.com/zendframework/zend-servicemanager.git",
                "reference": "fb5b54db5ead533b38e311f14e9c01a79218bf2b"
            },
            "dist": {
                "type": "zip",
                "url": "https://api.github.com/repos/zendframework/zend-servicemanager/zipball/fb5b54db5ead533b38e311f14e9c01a79218bf2b",
                "reference": "fb5b54db5ead533b38e311f14e9c01a79218bf2b",
                "shasum": ""
            },
            "require": {
                "container-interop/container-interop": "~1.0",
                "php": "^5.5 || ^7.0"
            },
            "require-dev": {
                "athletic/athletic": "dev-master",
                "fabpot/php-cs-fixer": "1.7.*",
                "phpunit/phpunit": "~4.0",
                "zendframework/zend-di": "~2.5",
                "zendframework/zend-mvc": "~2.5"
            },
            "suggest": {
                "ocramius/proxy-manager": "ProxyManager 0.5.* to handle lazy initialization of services",
                "zendframework/zend-di": "Zend\\Di component"
            },
            "type": "library",
            "extra": {
                "branch-alias": {
                    "dev-master": "2.7-dev",
                    "dev-develop": "3.0-dev"
                }
            },
            "autoload": {
                "psr-4": {
                    "Zend\\ServiceManager\\": "src/"
                }
            },
            "notification-url": "https://packagist.org/downloads/",
            "license": [
                "BSD-3-Clause"
            ],
            "homepage": "https://github.com/zendframework/zend-servicemanager",
            "keywords": [
                "servicemanager",
                "zf2"
            ],
            "time": "2016-02-02 14:11:46"
        },
        {
            "name": "zendframework/zend-stdlib",
            "version": "3.0.0",
            "source": {
                "type": "git",
                "url": "https://github.com/zendframework/zend-stdlib.git",
                "reference": "22eb098958980fbbe6b9a06f209f5a4b496cc0c1"
            },
            "dist": {
                "type": "zip",
                "url": "https://api.github.com/repos/zendframework/zend-stdlib/zipball/22eb098958980fbbe6b9a06f209f5a4b496cc0c1",
                "reference": "22eb098958980fbbe6b9a06f209f5a4b496cc0c1",
                "shasum": ""
            },
            "require": {
                "php": "^5.5 || ^7.0"
            },
            "require-dev": {
                "athletic/athletic": "~0.1",
                "fabpot/php-cs-fixer": "1.7.*",
                "phpunit/phpunit": "~4.0"
            },
            "type": "library",
            "extra": {
                "branch-alias": {
                    "dev-master": "3.0-dev",
                    "dev-develop": "3.1-dev"
                }
            },
            "autoload": {
                "psr-4": {
                    "Zend\\Stdlib\\": "src/"
                }
            },
            "notification-url": "https://packagist.org/downloads/",
            "license": [
                "BSD-3-Clause"
            ],
            "homepage": "https://github.com/zendframework/zend-stdlib",
            "keywords": [
                "stdlib",
                "zf2"
            ],
            "time": "2016-02-03 16:53:37"
        },
        {
            "name": "zendframework/zend-validator",
            "version": "2.6.0",
            "source": {
                "type": "git",
                "url": "https://github.com/zendframework/zend-validator.git",
                "reference": "1315fead53358054e3f5fcf440c1a4cd5f0724db"
            },
            "dist": {
                "type": "zip",
                "url": "https://api.github.com/repos/zendframework/zend-validator/zipball/1315fead53358054e3f5fcf440c1a4cd5f0724db",
                "reference": "1315fead53358054e3f5fcf440c1a4cd5f0724db",
                "shasum": ""
            },
            "require": {
                "container-interop/container-interop": "^1.1",
                "php": "^5.5 || ^7.0",
                "zendframework/zend-stdlib": "^2.7 || ^3.0"
            },
            "require-dev": {
                "fabpot/php-cs-fixer": "1.7.*",
                "phpunit/phpunit": "^4.0",
                "zendframework/zend-cache": "^2.6.1",
                "zendframework/zend-config": "^2.6",
                "zendframework/zend-db": "^2.5",
                "zendframework/zend-filter": "^2.6",
                "zendframework/zend-http": "^2.5.4",
                "zendframework/zend-i18n": "^2.6",
                "zendframework/zend-math": "^2.6",
                "zendframework/zend-servicemanager": "^2.7.5 || ^3.0.3",
                "zendframework/zend-session": "^2.5",
                "zendframework/zend-uri": "^2.5"
            },
            "suggest": {
                "zendframework/zend-db": "Zend\\Db component",
                "zendframework/zend-filter": "Zend\\Filter component, required by the Digits validator",
                "zendframework/zend-i18n": "Zend\\I18n component to allow translation of validation error messages as well as to use the various Date validators",
                "zendframework/zend-i18n-resources": "Translations of validator messages",
                "zendframework/zend-math": "Zend\\Math component",
                "zendframework/zend-servicemanager": "Zend\\ServiceManager component to allow using the ValidatorPluginManager and validator chains",
                "zendframework/zend-session": "Zend\\Session component",
                "zendframework/zend-uri": "Zend\\Uri component, required by the Uri and Sitemap\\Loc validators"
            },
            "type": "library",
            "extra": {
                "branch-alias": {
                    "dev-master": "2.6-dev",
                    "dev-develop": "2.7-dev"
                }
            },
            "autoload": {
                "psr-4": {
                    "Zend\\Validator\\": "src/"
                }
            },
            "notification-url": "https://packagist.org/downloads/",
            "license": [
                "BSD-3-Clause"
            ],
            "description": "provides a set of commonly needed validators",
            "homepage": "https://github.com/zendframework/zend-validator",
            "keywords": [
                "validator",
                "zf2"
            ],
            "time": "2016-02-17 17:59:34"
        }
    ],
    "packages-dev": [],
    "aliases": [],
    "minimum-stability": "stable",
    "stability-flags": [],
    "prefer-stable": false,
    "prefer-lowest": false,
    "platform": {
        "php": ">=5.5"
    },
    "platform-dev": []
}
